
Microsoft Visual Studio Solution File, Format Version 12.00
# Visual Studio 14
VisualStudioVersion = 14.0.25420.1
MinimumVisualStudioVersion = 10.0.40219.1
Project("{FAE04EC0-301F-11D3-BF4B-00C04F79EFBC}") = "GFYCatSharp", "..\..\..\VisualStudioOnlineTFS\WebCollector\Develop\WebCollector\Api\GFYCat\GFYCatSharp.csproj", "{FF903EF8-9E00-42AB-91A2-4CBFE55A79ED}"
EndProject
Project("{FAE04EC0-301F-11D3-BF4B-00C04F79EFBC}") = "GFYCatSharp_Tests", "..\..\..\VisualStudioOnlineTFS\WebCollector\Develop\WebCollector\Api\GFYCat_Tests\GFYCatSharp_Tests.csproj", "{C94DDB81-3BB3-4D63-ACE0-AEDC2CF96982}"
EndProject
Global
	GlobalSection(SolutionConfigurationPlatforms) = preSolution
		Debug|Any CPU = Debug|Any CPU
		Release|Any CPU = Release|Any CPU
	EndGlobalSection
	GlobalSection(ProjectConfigurationPlatforms) = postSolution
		{FF903EF8-9E00-42AB-91A2-4CBFE55A79ED}.Debug|Any CPU.ActiveCfg = Debug|Any CPU
		{FF903EF8-9E00-42AB-91A2-4CBFE55A79ED}.Debug|Any CPU.Build.0 = Debug|Any CPU
		{FF903EF8-9E00-42AB-91A2-4CBFE55A79ED}.Release|Any CPU.ActiveCfg = Release|Any CPU
		{FF903EF8-9E00-42AB-91A2-4CBFE55A79ED}.Release|Any CPU.Build.0 = Release|Any CPU
		{C94DDB81-3BB3-4D63-ACE0-AEDC2CF96982}.Debug|Any CPU.ActiveCfg = Debug|Any CPU
		{C94DDB81-3BB3-4D63-ACE0-AEDC2CF96982}.Debug|Any CPU.Build.0 = Debug|Any CPU
		{C94DDB81-3BB3-4D63-ACE0-AEDC2CF96982}.Release|Any CPU.ActiveCfg = Release|Any CPU
		{C94DDB81-3BB3-4D63-ACE0-AEDC2CF96982}.Release|Any CPU.Build.0 = Release|Any CPU
	EndGlobalSection
	GlobalSection(SolutionProperties) = preSolution
		HideSolutionNode = FALSE
	EndGlobalSection
EndGlobal
